
Microsoft Visual Studio Solution File, Format Version 12.00
# Visual Studio 15
VisualStudioVersion = 15.0.28010.2046
MinimumVisualStudioVersion = 10.0.40219.1
Project("{FAE04EC0-301F-11D3-BF4B-00C04F79EFBC}") = "Vidly", "Vidly\Vidly.csproj", "{A10236D3-06DA-48E1-9BB1-E1D5D8870744}"
EndProject
Global
	GlobalSection(SolutionConfigurationPlatforms) = preSolution
		Debug|Any CPU = Debug|Any CPU
		Release|Any CPU = Release|Any CPU
	EndGlobalSection
	GlobalSection(ProjectConfigurationPlatforms) = postSolution
		{A10236D3-06DA-48E1-9BB1-E1D5D8870744}.Debug|Any CPU.ActiveCfg = Debug|Any CPU
		{A10236D3-06DA-48E1-9BB1-E1D5D8870744}.Debug|Any CPU.Build.0 = Debug|Any CPU
		{A10236D3-06DA-48E1-9BB1-E1D5D8870744}.Release|Any CPU.ActiveCfg = Release|Any CPU
		{A10236D3-06DA-48E1-9BB1-E1D5D8870744}.Release|Any CPU.Build.0 = Release|Any CPU
	EndGlobalSection
	GlobalSection(SolutionProperties) = preSolution
		HideSolutionNode = FALSE
	EndGlobalSection
	GlobalSection(ExtensibilityGlobals) = postSolution
		SolutionGuid = {B6D49267-97D6-4BEE-AD35-DD56151B8460}
	EndGlobalSection
EndGlobal
